# THIS IS AN AUTOGENERATED FILE. DO NOT EDIT THIS FILE DIRECTLY.
assets/ajax-loader.gif:
  development: 2017-06-26T15:28:17-04:00   deca8b0ecd6974227d157b6d7068995d
assets/gift-card.js:
  development: 2017-06-26T15:28:17-04:00   d98dc5c9afcd8397babfd08c06e9899a
assets/gift-card.scss.liquid:
  development: 2017-06-26T15:28:17-04:00   3c38689d1e7ea0d3ff0770e5d5f85d0e
assets/ico-select.svg.liquid:
  development: 2017-06-26T15:28:17-04:00   28de0c672609528b7c55f6f47810784b
assets/lazysizes.js:
  development: 2017-06-26T15:28:17-04:00   a27b15d827d7a26f9fa58fb6b4f9d4b6
assets/ly-rtl.css.liquid:
  development: 2018-01-16T19:36:24-04:00   1b5e650e983821f166b74d5819aa2d2e
assets/ly-select-box.js:
  development: 2018-01-16T19:36:35-04:00   c91fa5c195ff06617a093065d9f95d1b
assets/match-media.min.js:
  development: 2017-06-26T15:28:17-04:00   d0bf06c458a236dcca39b3be8cf80ec5
assets/myscript.js:
  development: 2018-01-25T19:12:35-04:00   8f2df978a79520b0ad1ca34386a22c15
assets/mystyles.scss:
  development: 2018-02-01T12:56:29-04:00   7cce5ce44a64dd91c112d1bbb41a036b
assets/password.js:
  development: 2017-06-26T15:28:17-04:00   c6b4c16234704306bbb6129d04d7e78e
assets/theme.js:
  development: 2017-06-26T15:28:17-04:00   a12ebd85b6236e1b13de6a7faa7e5b04
assets/theme.scss.liquid:
  development: 2018-01-24T12:58:33-04:00   8bf46be1041e7d0023496b4acd158d5b
assets/vendor.js:
  development: 2018-01-11T17:12:14-04:00   346ca1064dcd62fd7765152d5733edae
config/settings_data.json:
  development: 2018-01-19T16:08:31-04:00   46f370ca12131c0f17eaac7661fbd30e
config/settings_schema.json:
  development: 2017-06-26T15:28:17-04:00   0262cd4de429bc4e87d2d867f15599ad
layout/gift_card.liquid:
  development: 2018-01-19T14:50:06-04:00   af460413f9686a00cde1dce985af97a7
layout/password.liquid:
  development: 2018-01-16T19:36:47-04:00   3d32a620df20846ee6ff9de6e625f589
layout/theme.liquid:
  development: 2018-01-16T19:36:50-04:00   a89b1d51f2cbcdf13c7bd64cc86915cc
locales/de.json:
  development: 2017-06-26T15:28:19-04:00   573aafe6f0d5eeb69c7edf598c7e450f
locales/en.default.json:
  development: 2017-06-26T15:28:19-04:00   b2ea9b8c4d9b22fce9d9dd916d0bba3a
locales/es.json:
  development: 2017-06-26T15:28:19-04:00   fc9e07ccfc18204b431afb7b07628957
locales/fr.json:
  development: 2017-06-26T15:28:19-04:00   be215dbfa9c9acbf71b949e717c919f8
locales/ja.json:
  development: 2017-06-26T15:28:19-04:00   773b0d919a0b71d6013d9a24621c4ad4
locales/pt-BR.json:
  development: 2017-06-26T15:28:19-04:00   40f10b2fc6f72280eaffab2181e6334f
locales/pt-PT.json:
  development: 2017-06-26T15:28:19-04:00   6bc34602b6d9aac5c70ebdda1ffc3680
sections/article-template.liquid:
  development: 2018-01-16T19:36:56-04:00   861873cc706ce3864adbfc28a8c62764
sections/blog-template.liquid:
  development: 2018-01-16T19:36:59-04:00   9dabbe10a31a54bbad5cc73e55430fe9
sections/call-to-action.liquid:
  development: 2018-01-25T15:57:35-04:00   432cd8ed8c30bb8bce91b915b5131486
sections/cart-template.liquid:
  development: 2018-01-29T10:54:31-04:00   20e019affb93277912aefe25ae378f0b
sections/collection-list.liquid:
  development: 2018-01-16T19:37:08-04:00   6e78eff4abcb82f8780cbdb3e4202ba1
sections/collection-template.liquid:
  development: 2018-01-16T19:37:12-04:00   2e207205c174fd5560fffd8308370c20
sections/collection.liquid:
  development: 2018-01-16T19:37:15-04:00   0194d67fa3e20da6b507d90847e63483
sections/custom-content-about.liquid:
  development: 2018-02-01T12:06:22-04:00   4ee4385100e3a046a4f079d21b7a5733
sections/custom-content-support.liquid:
  development: 2018-02-02T16:55:45-04:00   6688e205a9b24e3b29850958db57a8dc
sections/custom-content-support2.liquid:
  development: 2018-01-19T14:50:44-04:00   e098fc249fdc04efb87d1ce6b6a1a0e0
sections/custom-content.liquid:
  development: 2018-01-16T19:37:25-04:00   bed8acd22c9740b1eac0ad032561d843
sections/custome-html-support.liquid:
  development: 2018-01-19T14:50:50-04:00   f0f1d3cdf906a067b66b1049d0adab5a
sections/faq-content.liquid:
  development: 2018-01-19T14:50:53-04:00   177f3c7666eebb2289a0e53c10cc4bf8
sections/feature-columns-about.liquid:
  development: 2018-01-24T12:22:03-04:00   17a58973f232f8c66e39a2456aee43fb
sections/feature-columns-support.liquid:
  development: 2018-01-24T12:17:32-04:00   62e144bbdbc54c2510b122fae4615b8d
sections/feature-columns.liquid:
  development: 2018-01-24T12:18:38-04:00   496e52957cb5b537d7be08b6144d4383
sections/feature-row.liquid:
  development: 2018-01-16T19:37:37-04:00   b8d9081af48bbb3e270161df78d9878f
sections/featured-blog.liquid:
  development: 2018-01-19T14:51:09-04:00   da522dbe46b1928fface8c60556475ec
sections/featured-product.liquid:
  development: 2018-01-19T14:51:12-04:00   614db07194fd6138c4b7550a6b1df5f2
sections/footer.liquid:
  development: 2018-01-19T14:51:15-04:00   660cfdb51933af01443ba56cdfefada7
sections/header.liquid:
  development: 2018-01-19T14:51:19-04:00   d1bb4f6ce4bf374b2a01862b2acc180f
sections/hero-general.liquid:
  development: 2018-01-24T12:37:49-04:00   f7fb30924259fe5128a0f3f05f524eb6
sections/hero-product.liquid:
  development: 2018-01-24T12:36:50-04:00   2b96aed48bde6eaf61ff9d55624db513
sections/hero-support.liquid:
  development: 2018-01-19T14:51:28-04:00   f3e11cb95e0302db25471808c08bf6dd
sections/hero.liquid:
  development: 2018-02-01T16:45:20-04:00   bc6a338b9b6e8fb0739fca2046d57918
sections/hero_about.liquid:
  development: 2018-01-24T17:22:25-04:00   dbd988c7f7143a5d3745cd6c29283244
sections/image-bar.liquid:
  development: 2018-01-19T14:51:38-04:00   6c487aeebbfeb2a5248fbaaed3902c29
sections/img-w-txt-support.liquid:
  development: 2018-01-19T14:51:41-04:00   e866c93030f3be8fa1549e5007578329
sections/img-width-txt-about.liquid:
  development: 2018-01-19T14:51:44-04:00   3bc46171484475fa5e0471aa51d03c61
sections/img-with-txt-about-2.liquid:
  development: 2018-01-19T14:51:47-04:00   ab02dfbc8ec8a5010298b6d788a823ba
sections/img-with-txt-support-1.liquid:
  development: 2018-01-19T14:51:50-04:00   89ef7dfed18e54d4529037166ee25605
sections/img-with-txt-support-2.liquid:
  development: 2018-01-19T14:51:53-04:00   289bac5342620030925050b8b584e374
sections/img-with-txt-two.liquid:
  development: 2018-01-19T14:51:56-04:00   2d05db20e1a0f78aa05a0593d46af4e7
sections/img-with-txt.liquid:
  development: 2018-01-19T14:51:59-04:00   e866c93030f3be8fa1549e5007578329
sections/img_with_txt_intercative.liquid:
  development: 2018-01-19T14:52:02-04:00   114c6480edc35d73fecf31f20996cd32
sections/list-collections-template.liquid:
  development: 2018-01-19T14:52:05-04:00   15004e1aaf3aed35a6d8046e76b60969
sections/logo-bar.liquid:
  development: 2018-01-19T14:52:08-04:00   1ca3ac43bc6361d7f742e7d1c7b87a82
sections/map.liquid:
  development: 2018-01-19T14:52:11-04:00   9ed17d17f0a1fd00c7fcbac9b3aa2092
sections/my-columns.liquid:
  development: 2018-01-19T14:52:14-04:00   cb25f41430f07201a1a6456aba6556b3
sections/newsletter.liquid:
  development: 2018-01-19T14:52:17-04:00   243bb175b30a867f01446448b9da051f
sections/password-content.liquid:
  development: 2018-01-19T14:52:20-04:00   387059c3bd7d98f5d3346f7807596438
sections/password-footer.liquid:
  development: 2018-01-19T14:52:23-04:00   c8fcc182354b40c2c0056453271431eb
sections/password-header.liquid:
  development: 2018-01-19T14:52:26-04:00   9a07f759974a5cd3cb448deca4dd8a2e
sections/product-features.liquid:
  development: 2018-01-25T16:22:45-04:00   7d2d5c8fe39021aa836683356e1a2e8c
sections/product-template.liquid:
  development: 2018-01-19T14:52:32-04:00   49abfb8c2aa8603abc6a2780400783f1
sections/protocols.liquid:
  development: 2018-02-01T11:46:31-04:00   742b681e556749d7b9fc17c2de20bbe3
sections/quotes.liquid:
  development: 2018-01-24T12:12:42-04:00   44ee43fbb05bccb683a91839c388e782
sections/simple-section-with-bg.liquid:
  development: 2018-01-19T14:52:42-04:00   f150db6489cc15f8204ce77419507b6b
sections/simple_section.liquid:
  development: 2018-01-19T14:52:45-04:00   58b053138c110e237917a5a1deeebd2a
sections/slideshow.liquid:
  development: 2018-01-19T14:52:48-04:00   61fcaf8c8a45503e962f4e4658fc1415
sections/test.liquid:
  development: 2018-01-19T14:52:51-04:00   16c2e3ccdfc808b1625af6826527d598
snippets/bgset.liquid:
  development: 2017-06-26T15:28:18-04:00   85889bbc39b57621f32fad66317366fc
snippets/collection-grid-item.liquid:
  development: 2018-01-19T14:52:54-04:00   07c847a68eeea59ae7d5b968cdb8a595
snippets/comment.liquid:
  development: 2018-01-19T14:52:57-04:00   a795fe4663b0a7ff0f8527625e360dfe
snippets/form.liquid:
  development: 2018-02-01T12:56:42-04:00   93962d51d1baf86e746f08aa4da3702f
snippets/google-fonts.liquid:
  development: 2018-01-19T14:52:59-04:00   a88d17e9bfaaaa44f39d39c2f97d6b69
snippets/icon-amazon_payments.liquid:
  development: 2018-01-19T14:53:02-04:00   dc412caf53f3f7eb81305159072cfb84
snippets/icon-american_express.liquid:
  development: 2018-01-19T14:53:05-04:00   652024066909ca7cfd89e7660b7d38e4
snippets/icon-apple_pay.liquid:
  development: 2018-01-19T14:53:08-04:00   f7c9a0a6b5e9ffbb17d5b262ddde2deb
snippets/icon-arrow-left.liquid:
  development: 2018-01-19T14:53:11-04:00   750ca48efb0a7c62f96bce87ac6a3e5d
snippets/icon-arrow-right.liquid:
  development: 2018-01-19T14:53:13-04:00   cbdd57c57da68de9a57d3f32dfbe7a2c
snippets/icon-bitcoin.liquid:
  development: 2018-01-19T14:53:16-04:00   e37d3afd9e9be96483afb33aa4cfa90d
snippets/icon-cart.liquid:
  development: 2018-01-19T14:53:19-04:00   4365f9005ceb40e457a4233b6d628172
snippets/icon-chevron-down.liquid:
  development: 2018-01-19T14:53:22-04:00   68708980d9ba24fb44674d884d56f100
snippets/icon-chevron-left.liquid:
  development: 2018-01-19T14:53:24-04:00   d7b9297c02fdc7e71297523efa5826e6
snippets/icon-chevron-right.liquid:
  development: 2018-01-19T14:53:27-04:00   1bee09c162018d35bb05c6fb88f3f14f
snippets/icon-chevron-up.liquid:
  development: 2018-01-19T14:53:30-04:00   6c788f669d614ae2abceed680e644f4f
snippets/icon-cirrus.liquid:
  development: 2018-01-19T14:53:33-04:00   fa0f396c2b4a5c53c69af45cc52173db
snippets/icon-close.liquid:
  development: 2018-01-19T14:53:35-04:00   c15659404a8b9d6f4b55d48cf74a3ef8
snippets/icon-dankort.liquid:
  development: 2018-01-19T14:53:38-04:00   086548ba12c956b06fa32425f42b2fdd
snippets/icon-diners_club.liquid:
  development: 2018-01-19T14:53:41-04:00   cf185223f5fa471cc57741ab15e4887e
snippets/icon-discover.liquid:
  development: 2018-01-19T14:53:44-04:00   9b8ba61fdabdd4b2584be2407f5d1735
snippets/icon-dogecoin.liquid:
  development: 2018-01-19T14:53:47-04:00   d7aa2980b75a8fb1589137982df40a93
snippets/icon-dwolla.liquid:
  development: 2018-01-19T14:53:49-04:00   bdf1f4bca643b4812967d4f3e7cad3de
snippets/icon-facebook.liquid:
  development: 2018-01-19T14:53:52-04:00   0011e2985910971768e35b67ee586ffa
snippets/icon-forbrugsforeningen.liquid:
  development: 2018-01-19T14:53:55-04:00   f50e6f66e35eee8aa375ad2f97c91576
snippets/icon-hamburger.liquid:
  development: 2018-01-19T14:53:58-04:00   79ee2a8c9fec33753516c0abb21fcf04
snippets/icon-instagram.liquid:
  development: 2018-01-19T14:54:01-04:00   ded5799b6b334373f0c454919205b435
snippets/icon-interac.liquid:
  development: 2018-01-19T14:54:04-04:00   f0d6ac9cc50997da5e592fecb4b2c72b
snippets/icon-jcb.liquid:
  development: 2018-01-19T14:54:07-04:00   748c5414df39750dcdc76e52bf52a36c
snippets/icon-laser.liquid:
  development: 2018-01-19T14:54:10-04:00   a894a50b6d780d8243a8b1f7978abc8a
snippets/icon-litecoin.liquid:
  development: 2018-01-19T14:54:13-04:00   1f3e10b281d590f4119e03b1fc3d134a
snippets/icon-lock.liquid:
  development: 2018-01-19T14:54:15-04:00   070eea7e84b7dee79eed7dbcce31ea82
snippets/icon-login.liquid:
  development: 2018-01-19T14:54:18-04:00   3c0e4a7957c567b2ec2eb4071218fdb7
snippets/icon-maestro.liquid:
  development: 2018-01-19T14:54:21-04:00   f9c14002d06d9fc862747be6aecb048a
snippets/icon-master.liquid:
  development: 2018-01-19T14:54:24-04:00   2f7c2d8768c62fee050c0e1a0a289d57
snippets/icon-minus.liquid:
  development: 2018-01-19T14:54:26-04:00   6b0f641365baad8b4fa7840cb7682432
snippets/icon-pause.liquid:
  development: 2018-01-19T14:54:29-04:00   e798af03e8eee942b518004afc3d7190
snippets/icon-paypal.liquid:
  development: 2018-01-19T14:54:32-04:00   c62b73327a025729270cd43eaafa112a
snippets/icon-pinterest.liquid:
  development: 2018-01-19T14:54:36-04:00   12a12dab2219bee848a26d432c0c1d27
snippets/icon-play-video.liquid:
  development: 2018-01-19T14:54:38-04:00   91e9f3f6c9779324e8211f67bc54e5ec
snippets/icon-play.liquid:
  development: 2018-01-19T14:54:41-04:00   0b439d06ef7b090e0a8d0b06dfc7e804
snippets/icon-plus.liquid:
  development: 2018-01-19T14:54:44-04:00   e376698adca27099d13b0a386b7ff25f
snippets/icon-quote.liquid:
  development: 2018-01-19T14:54:47-04:00   73509f1b8fc075b661e71aad406ca23c
snippets/icon-rss.liquid:
  development: 2018-01-19T14:54:50-04:00   1fd8705d2a9ca3aa5f0f5f1d5a15b8e9
snippets/icon-search.liquid:
  development: 2018-01-19T14:54:52-04:00   a946f418011fbf2ac3b7bf78e3a93b29
snippets/icon-shopify-logo.liquid:
  development: 2018-01-19T14:54:55-04:00   c92143bbdceee04ccfa4ab4d4285458e
snippets/icon-snapchat.liquid:
  development: 2018-01-19T14:54:58-04:00   7c8dca1fefa9c920103ecea51cbc9e79
snippets/icon-stripe.liquid:
  development: 2018-01-19T14:55:01-04:00   3e774083724e962ef2f0f50957dd7e87
snippets/icon-tumblr.liquid:
  development: 2018-01-19T14:55:03-04:00   53ca27a854d2d5d72415f25292eda0db
snippets/icon-twitter.liquid:
  development: 2018-01-19T14:55:06-04:00   a32794a3c1e23c8f72fe69127747aaeb
snippets/icon-vimeo.liquid:
  development: 2018-01-19T14:55:09-04:00   91bba3178c08b4e64080db1068d396d0
snippets/icon-visa.liquid:
  development: 2018-01-19T14:55:11-04:00   9cbf21fd99d112d32312aaff079ad899
snippets/icon-youtube.liquid:
  development: 2018-01-19T14:55:14-04:00   4e7e2d7f60c02a90649c4a6ba7b39eeb
snippets/image-style.liquid:
  development: 2018-01-19T14:55:17-04:00   b47d67b8f65d73e3cc28eb5d62540bd5
snippets/ly-asset.liquid:
  development: 2018-01-16T19:36:34-04:00   5b49384efc5cacdfe45e27b228307e34
snippets/ly-content.liquid:
  development: 2018-01-16T19:36:28-04:00   095052f126ee5161fcada2e2290ba219
snippets/ly-description.liquid:
  development: 2018-01-16T19:36:27-04:00   86e1fe1f2e31636fe0c4ffed32da1f94
snippets/ly-excerpt.liquid:
  development: 2018-01-16T19:36:30-04:00   70919a3411e18e541ee34113d4976d0c
snippets/ly-excerpt_or_content.liquid:
  development: 2018-01-16T19:36:31-04:00   bfd234fdc49db624f248c8234c6555f4
snippets/ly-global.liquid:
  development: 2018-01-19T14:49:57-04:00   8e7255b8c7ff14daa8aa0a201ee39817
snippets/ly-html-parser.liquid:
  development: 2018-01-16T19:36:35-04:00   fb84147bd33c373763f755f091fd6126
snippets/ly-languages-switcher.liquid:
  development: 2018-01-23T18:01:33-04:00   fbfc16d0a4740a977b51a87568039bcb
snippets/ly-languages.liquid:
  development: 2018-01-16T19:36:34-04:00   0bab19d16b465e23dd146d5a0b1de959
snippets/ly-option1.liquid:
  development: 2018-01-16T19:36:28-04:00   af8bdfe813518d79a2027dfbbd814075
snippets/ly-option2.liquid:
  development: 2018-01-16T19:36:29-04:00   d4536660876ded467e7974fe13528a05
snippets/ly-option3.liquid:
  development: 2018-01-16T19:36:30-04:00   da42479c2300ebbf3ab8bbe10b2375d2
snippets/ly-static-string.liquid:
  development: 2018-01-16T19:36:32-04:00   11490aac64299b0cf845dd8a22a38021
snippets/ly-static.liquid:
  development: 2018-01-16T19:36:33-04:00   d5a990769c39390af93df1ce04f87b53
snippets/ly-title.liquid:
  development: 2018-01-16T19:36:25-04:00   b8173f56d2b3e6bda5823f2e9499a0ff
snippets/ly-type.liquid:
  development: 2018-01-16T19:36:26-04:00   505fba98ccf0585cfcceb4cb3ce575b2
snippets/ly-vendor.liquid:
  development: 2018-01-16T19:36:26-04:00   4ec53e693fb5ebfcf4efcca1cf538c75
snippets/no-blocks.liquid:
  development: 2018-01-19T14:55:22-04:00   ea279f3e4cec359ad975fa075ed751a1
snippets/pagination.liquid:
  development: 2018-01-19T14:55:25-04:00   bcffd1bf6f1f1acc6b6ad1e63c8c158f
snippets/product-card-grid.liquid:
  development: 2018-01-19T14:55:29-04:00   d5558d1c857a16c44afb898990349a39
snippets/product-card-list.liquid:
  development: 2018-01-19T14:55:32-04:00   ed6c1b379fe0bcdce81958906290357f
snippets/product-price.liquid:
  development: 2018-01-19T14:55:35-04:00   d3830fd028b17ba338f5064d5f426f9e
snippets/search-form.liquid:
  development: 2018-01-19T14:55:38-04:00   1bfc224a3dad0b7b786c770e6aad2a6e
snippets/site-nav.liquid:
  development: 2018-01-19T14:55:41-04:00   c94516562bf5ed46329eec87bf3bb87d
snippets/social-meta-tags.liquid:
  development: 2018-01-19T14:55:44-04:00   196e2154952b353fb0629f3b2ddb0ae9
snippets/social-sharing.liquid:
  development: 2018-01-19T14:55:47-04:00   024d771b31029199429a1e7ba548fe04
templates/404.liquid:
  development: 2018-01-19T14:55:50-04:00   909cbd297013db7818ce6f896350a90e
templates/article.liquid:
  development: 2018-01-19T14:55:53-04:00   5ac65c518c1ad0d8e47f4bd1ba620496
templates/blog.liquid:
  development: 2018-01-19T14:55:56-04:00   eaadb3b6c7fdc65831ffb74506ac301f
templates/cart.liquid:
  development: 2018-01-19T14:55:58-04:00   f5a43261356b26fab7049c88dc65bbcb
templates/collection.liquid:
  development: 2018-01-19T14:56:01-04:00   e62d25c3b7a33854c31e51ef100e360a
templates/customers/account.liquid:
  development: 2018-01-19T14:56:04-04:00   29b5544826c222403c20d48b2459a441
templates/customers/activate_account.liquid:
  development: 2018-01-19T14:56:07-04:00   3163c420c7b61f579160c199e9b337d9
templates/customers/addresses.liquid:
  development: 2018-01-19T14:56:10-04:00   20f0af0664838a29ad2a3b97ede735dd
templates/customers/login.liquid:
  development: 2018-01-19T14:56:14-04:00   d5dc31f8bb5c165a750e99005242d892
templates/customers/order.liquid:
  development: 2018-01-19T14:56:17-04:00   ddbb23826fd5f1d1a28de71f281431a9
templates/customers/register.liquid:
  development: 2018-01-19T14:56:20-04:00   01e47a2fe556b34ba3cd88395bbc2d23
templates/customers/reset_password.liquid:
  development: 2018-01-19T14:56:23-04:00   456c6beaa0b3b5f81bb5f7f5408cf552
templates/gift_card.liquid:
  development: 2018-01-19T14:56:26-04:00   f3d2430fe801cbe6b03da49145bc2ce5
templates/index.liquid:
  development: 2018-01-19T14:56:30-04:00   be2c8f2ebf06742cce8244192bfb419e
templates/list-collections.liquid:
  development: 2018-01-19T14:56:33-04:00   5c2721e7072652c10bbd73b609178091
templates/page.about.liquid:
  development: 2018-02-01T12:07:39-04:00   16aff47dfe3a03fe4201d2103edbb75e
templates/page.contact.liquid:
  development: 2018-01-19T14:56:38-04:00   94ddbbcfb49ba0172f09bb36f4fbf378
templates/page.liquid:
  development: 2018-02-01T14:39:36-04:00   255a2f498d5e876babb9b27f26787a42
templates/page.product-alternate.liquid:
  development: 2018-02-01T16:56:17-04:00   45fa2d69c13ba297aba0bcb2511ce7c3
templates/page.support.liquid:
  development: 2018-02-01T12:40:23-04:00   6d24ef31f8068528bf0721f8c8da958c
templates/password.liquid:
  development: 2018-01-19T14:56:50-04:00   d62c940435add9de6e840def35637de3
templates/product.liquid:
  development: 2018-01-19T14:56:53-04:00   d3a484f1d5323dd0acf4c10be0cace93
templates/search.liquid:
  development: 2018-01-19T14:56:56-04:00   96e48a2f23da4d9218b7c5e4272ebd5c
